// !$*UTF8*$!
{
	archiveVersion = 1;
	classes = {
	};
	objectVersion = 50;
	objects = {

/* Begin PBXBuildFile section */
		4CEE3857261BBBFF0089AACA /* AppDelegate.swift in Sources */ = {isa = PBXBuildFile; fileRef = 4CEE3856261BBBFF0089AACA /* AppDelegate.swift */; };
		4CEE3859261BBBFF0089AACA /* SceneDelegate.swift in Sources */ = {isa = PBXBuildFile; fileRef = 4CEE3858261BBBFF0089AACA /* SceneDelegate.swift */; };
		4CEE385B261BBBFF0089AACA /* SearchVC.swift in Sources */ = {isa = PBXBuildFile; fileRef = 4CEE385A261BBBFF0089AACA /* SearchVC.swift */; };
		4CEE385E261BBBFF0089AACA /* Main.storyboard in Resources */ = {isa = PBXBuildFile; fileRef = 4CEE385C261BBBFF0089AACA /* Main.storyboard */; };
		4CEE3860261BBC000089AACA /* Assets.xcassets in Resources */ = {isa = PBXBuildFile; fileRef = 4CEE385F261BBC000089AACA /* Assets.xcassets */; };
		4CEE3863261BBC000089AACA /* LaunchScreen.storyboard in Resources */ = {isa = PBXBuildFile; fileRef = 4CEE3861261BBC000089AACA /* LaunchScreen.storyboard */; };
		4CEE386F261BBD130089AACA /* UIView.swift in Sources */ = {isa = PBXBuildFile; fileRef = 4CEE386E261BBD130089AACA /* UIView.swift */; };
		4CEE3876261BD2FD0089AACA /* CompanySearchCell.swift in Sources */ = {isa = PBXBuildFile; fileRef = 4CEE3875261BD2FD0089AACA /* CompanySearchCell.swift */; };
		4CEE387B261BD3380089AACA /* Label.swift in Sources */ = {isa = PBXBuildFile; fileRef = 4CEE387A261BD3380089AACA /* Label.swift */; };
		4CEE387F261BD3C60089AACA /* StackView.swift in Sources */ = {isa = PBXBuildFile; fileRef = 4CEE387E261BD3C60089AACA /* StackView.swift */; };
		4CEE3886261BD8060089AACA /* APIService.swift in Sources */ = {isa = PBXBuildFile; fileRef = 4CEE3885261BD8060089AACA /* APIService.swift */; };
		4CEE388B261C05640089AACA /* SearchResult.swift in Sources */ = {isa = PBXBuildFile; fileRef = 4CEE388A261C05640089AACA /* SearchResult.swift */; };
/* End PBXBuildFile section */

/* Begin PBXFileReference section */
		4CEE3853261BBBFF0089AACA /* DCA Calculator.app */ = {isa = PBXFileReference; explicitFileType = wrapper.application; includeInIndex = 0; path = "DCA Calculator.app"; sourceTree = BUILT_PRODUCTS_DIR; };
		4CEE3856261BBBFF0089AACA /* AppDelegate.swift */ = {isa = PBXFileReference; lastKnownFileType = sourcecode.swift; path = AppDelegate.swift; sourceTree = "<group>"; };
		4CEE3858261BBBFF0089AACA /* SceneDelegate.swift */ = {isa = PBXFileReference; lastKnownFileType = sourcecode.swift; path = SceneDelegate.swift; sourceTree = "<group>"; };
		4CEE385A261BBBFF0089AACA /* SearchVC.swift */ = {isa = PBXFileReference; lastKnownFileType = sourcecode.swift; path = SearchVC.swift; sourceTree = "<group>"; };
		4CEE385D261BBBFF0089AACA /* Base */ = {isa = PBXFileReference; lastKnownFileType = file.storyboard; name = Base; path = Base.lproj/Main.storyboard; sourceTree = "<group>"; };
		4CEE385F261BBC000089AACA /* Assets.xcassets */ = {isa = PBXFileReference; lastKnownFileType = folder.assetcatalog; path = Assets.xcassets; sourceTree = "<group>"; };
		4CEE3862261BBC000089AACA /* Base */ = {isa = PBXFileReference; lastKnownFileType = file.storyboard; name = Base; path = Base.lproj/LaunchScreen.storyboard; sourceTree = "<group>"; };
		4CEE3864261BBC000089AACA /* Info.plist */ = {isa = PBXFileReference; lastKnownFileType = text.plist.xml; path = Info.plist; sourceTree = "<group>"; };
		4CEE386E261BBD130089AACA /* UIView.swift */ = {isa = PBXFileReference; lastKnownFileType = sourcecode.swift; path = UIView.swift; sourceTree = "<group>"; };
		4CEE3875261BD2FD0089AACA /* CompanySearchCell.swift */ = {isa = PBXFileReference; lastKnownFileType = sourcecode.swift; path = CompanySearchCell.swift; sourceTree = "<group>"; };
		4CEE387A261BD3380089AACA /* Label.swift */ = {isa = PBXFileReference; lastKnownFileType = sourcecode.swift; path = Label.swift; sourceTree = "<group>"; };
		4CEE387E261BD3C60089AACA /* StackView.swift */ = {isa = PBXFileReference; lastKnownFileType = sourcecode.swift; path = StackView.swift; sourceTree = "<group>"; };
		4CEE3885261BD8060089AACA /* APIService.swift */ = {isa = PBXFileReference; lastKnownFileType = sourcecode.swift; path = APIService.swift; sourceTree = "<group>"; };
		4CEE388A261C05640089AACA /* SearchResult.swift */ = {isa = PBXFileReference; lastKnownFileType = sourcecode.swift; path = SearchResult.swift; sourceTree = "<group>"; };
/* End PBXFileReference section */

/* Begin PBXFrameworksBuildPhase section */
		4CEE3850261BBBFF0089AACA /* Frameworks */ = {
			isa = PBXFrameworksBuildPhase;
			buildActionMask = 2147483647;
			files = (
			);
			runOnlyForDeploymentPostprocessing = 0;
		};
/* End PBXFrameworksBuildPhase section */

/* Begin PBXGroup section */
		4CEE384A261BBBFF0089AACA = {
			isa = PBXGroup;
			children = (
				4CEE3855261BBBFF0089AACA /* DCA Calculator */,
				4CEE3854261BBBFF0089AACA /* Products */,
			);
			sourceTree = "<group>";
		};
		4CEE3854261BBBFF0089AACA /* Products */ = {
			isa = PBXGroup;
			children = (
				4CEE3853261BBBFF0089AACA /* DCA Calculator.app */,
			);
			name = Products;
			sourceTree = "<group>";
		};
		4CEE3855261BBBFF0089AACA /* DCA Calculator */ = {
			isa = PBXGroup;
			children = (
				4CEE3856261BBBFF0089AACA /* AppDelegate.swift */,
				4CEE3858261BBBFF0089AACA /* SceneDelegate.swift */,
				4CEE3871261BBD310089AACA /* Extensions */,
				4CEE3889261C05290089AACA /* Models */,
				4CEE3884261BD7F40089AACA /* Service */,
				4CEE3874261BD2E30089AACA /* Views */,
				4CEE386C261BBCBD0089AACA /* Controllers */,
				4CEE385C261BBBFF0089AACA /* Main.storyboard */,
				4CEE385F261BBC000089AACA /* Assets.xcassets */,
				4CEE3861261BBC000089AACA /* LaunchScreen.storyboard */,
				4CEE3864261BBC000089AACA /* Info.plist */,
			);
			path = "DCA Calculator";
			sourceTree = "<group>";
		};
		4CEE386C261BBCBD0089AACA /* Controllers */ = {
			isa = PBXGroup;
			children = (
				4CEE385A261BBBFF0089AACA /* SearchVC.swift */,
			);
			path = Controllers;
			sourceTree = "<group>";
		};
		4CEE3871261BBD310089AACA /* Extensions */ = {
			isa = PBXGroup;
			children = (
				4CEE386E261BBD130089AACA /* UIView.swift */,
			);
			path = Extensions;
			sourceTree = "<group>";
		};
		4CEE3874261BD2E30089AACA /* Views */ = {
			isa = PBXGroup;
			children = (
				4CEE3881261BD3CD0089AACA /* Generic */,
				4CEE3875261BD2FD0089AACA /* CompanySearchCell.swift */,
			);
			path = Views;
			sourceTree = "<group>";
		};
		4CEE3881261BD3CD0089AACA /* Generic */ = {
			isa = PBXGroup;
			children = (
				4CEE387A261BD3380089AACA /* Label.swift */,
				4CEE387E261BD3C60089AACA /* StackView.swift */,
			);
			path = Generic;
			sourceTree = "<group>";
		};
		4CEE3884261BD7F40089AACA /* Service */ = {
			isa = PBXGroup;
			children = (
				4CEE3885261BD8060089AACA /* APIService.swift */,
			);
			path = Service;
			sourceTree = "<group>";
		};
		4CEE3889261C05290089AACA /* Models */ = {
			isa = PBXGroup;
			children = (
				4CEE388A261C05640089AACA /* SearchResult.swift */,
			);
			path = Models;
			sourceTree = "<group>";
		};
/* End PBXGroup section */

/* Begin PBXNativeTarget section */
		4CEE3852261BBBFF0089AACA /* DCA Calculator */ = {
			isa = PBXNativeTarget;
			buildConfigurationList = 4CEE3867261BBC000089AACA /* Build configuration list for PBXNativeTarget "DCA Calculator" */;
			buildPhases = (
				4CEE384F261BBBFF0089AACA /* Sources */,
				4CEE3850261BBBFF0089AACA /* Frameworks */,
				4CEE3851261BBBFF0089AACA /* Resources */,
			);
			buildRules = (
			);
			dependencies = (
			);
			name = "DCA Calculator";
			productName = "DCA Calculator";
			productReference = 4CEE3853261BBBFF0089AACA /* DCA Calculator.app */;
			productType = "com.apple.product-type.application";
		};
/* End PBXNativeTarget section */

/* Begin PBXProject section */
		4CEE384B261BBBFF0089AACA /* Project object */ = {
			isa = PBXProject;
			attributes = {
				LastSwiftUpdateCheck = 1240;
				LastUpgradeCheck = 1240;
				TargetAttributes = {
					4CEE3852261BBBFF0089AACA = {
						CreatedOnToolsVersion = 12.4;
					};
				};
			};
			buildConfigurationList = 4CEE384E261BBBFF0089AACA /* Build configuration list for PBXProject "DCA Calculator" */;
			compatibilityVersion = "Xcode 9.3";
			developmentRegion = en;
			hasScannedForEncodings = 0;
			knownRegions = (
				en,
				Base,
			);
			mainGroup = 4CEE384A261BBBFF0089AACA;
			productRefGroup = 4CEE3854261BBBFF0089AACA /* Products */;
			projectDirPath = "";
			projectRoot = "";
			targets = (
				4CEE3852261BBBFF0089AACA /* DCA Calculator */,
			);
		};
/* End PBXProject section */

/* Begin PBXResourcesBuildPhase section */
		4CEE3851261BBBFF0089AACA /* Resources */ = {
			isa = PBXResourcesBuildPhase;
			buildActionMask = 2147483647;
			files = (
				4CEE3863261BBC000089AACA /* LaunchScreen.storyboard in Resources */,
				4CEE3860261BBC000089AACA /* Assets.xcassets in Resources */,
				4CEE385E261BBBFF0089AACA /* Main.storyboard in Resources */,
			);
			runOnlyForDeploymentPostprocessing = 0;
		};
/* End PBXResourcesBuildPhase section */

/* Begin PBXSourcesBuildPhase section */
		4CEE384F261BBBFF0089AACA /* Sources */ = {
			isa = PBXSourcesBuildPhase;
			buildActionMask = 2147483647;
			files = (
				4CEE3876261BD2FD0089AACA /* CompanySearchCell.swift in Sources */,
				4CEE388B261C05640089AACA /* SearchResult.swift in Sources */,
				4CEE387F261BD3C60089AACA /* StackView.swift in Sources */,
				4CEE386F261BBD130089AACA /* UIView.swift in Sources */,
				4CEE387B261BD3380089AACA /* Label.swift in Sources */,
				4CEE385B261BBBFF0089AACA /* SearchVC.swift in Sources */,
				4CEE3857261BBBFF0089AACA /* AppDelegate.swift in Sources */,
				4CEE3886261BD8060089AACA /* APIService.swift in Sources */,
				4CEE3859261BBBFF0089AACA /* SceneDelegate.swift in Sources */,
			);
			runOnlyForDeploymentPostprocessing = 0;
		};
/* End PBXSourcesBuildPhase section */

/* Begin PBXVariantGroup section */
		4CEE385C261BBBFF0089AACA /* Main.storyboard */ = {
			isa = PBXVariantGroup;
			children = (
				4CEE385D261BBBFF0089AACA /* Base */,
			);
			name = Main.storyboard;
			sourceTree = "<group>";
		};
		4CEE3861261BBC000089AACA /* LaunchScreen.storyboard */ = {
			isa = PBXVariantGroup;
			children = (
				4CEE3862261BBC000089AACA /* Base */,
			);
			name = LaunchScreen.storyboard;
			sourceTree = "<group>";
		};
/* End PBXVariantGroup section */

/* Begin XCBuildConfiguration section */
		4CEE3865261BBC000089AACA /* Debug */ = {
			isa = XCBuildConfiguration;
			buildSettings = {
				ALWAYS_SEARCH_USER_PATHS = NO;
				CLANG_ANALYZER_NONNULL = YES;
				CLANG_ANALYZER_NUMBER_OBJECT_CONVERSION = YES_AGGRESSIVE;
				CLANG_CXX_LANGUAGE_STANDARD = "gnu++14";
				CLANG_CXX_LIBRARY = "libc++";
				CLANG_ENABLE_MODULES = YES;
				CLANG_ENABLE_OBJC_ARC = YES;
				CLANG_ENABLE_OBJC_WEAK = YES;
				CLANG_WARN_BLOCK_CAPTURE_AUTORELEASING = YES;
				CLANG_WARN_BOOL_CONVERSION = YES;
				CLANG_WARN_COMMA = YES;
				CLANG_WARN_CONSTANT_CONVERSION = YES;
				CLANG_WARN_DEPRECATED_OBJC_IMPLEMENTATIONS = YES;
				CLANG_WARN_DIRECT_OBJC_ISA_USAGE = YES_ERROR;
				CLANG_WARN_DOCUMENTATION_COMMENTS = YES;
				CLANG_WARN_EMPTY_BODY = YES;
				CLANG_WARN_ENUM_CONVERSION = YES;
				CLANG_WARN_INFINITE_RECURSION = YES;
				CLANG_WARN_INT_CONVERSION = YES;
				CLANG_WARN_NON_LITERAL_NULL_CONVERSION = YES;
				CLANG_WARN_OBJC_IMPLICIT_RETAIN_SELF = YES;
				CLANG_WARN_OBJC_LITERAL_CONVERSION = YES;
				CLANG_WARN_OBJC_ROOT_CLASS = YES_ERROR;
				CLANG_WARN_QUOTED_INCLUDE_IN_FRAMEWORK_HEADER = YES;
				CLANG_WARN_RANGE_LOOP_ANALYSIS = YES;
				CLANG_WARN_STRICT_PROTOTYPES = YES;
				CLANG_WARN_SUSPICIOUS_MOVE = YES;
				CLANG_WARN_UNGUARDED_AVAILABILITY = YES_AGGRESSIVE;
				CLANG_WARN_UNREACHABLE_CODE = YES;
				CLANG_WARN__DUPLICATE_METHOD_MATCH = YES;
				COPY_PHASE_STRIP = NO;
				DEBUG_INFORMATION_FORMAT = dwarf;
				ENABLE_STRICT_OBJC_MSGSEND = YES;
				ENABLE_TESTABILITY = YES;
				GCC_C_LANGUAGE_STANDARD = gnu11;
				GCC_DYNAMIC_NO_PIC = NO;
				GCC_NO_COMMON_BLOCKS = YES;
				GCC_OPTIMIZATION_LEVEL = 0;
				GCC_PREPROCESSOR_DEFINITIONS = (
					"DEBUG=1",
					"$(inherited)",
				);
				GCC_WARN_64_TO_32_BIT_CONVERSION = YES;
				GCC_WARN_ABOUT_RETURN_TYPE = YES_ERROR;
				GCC_WARN_UNDECLARED_SELECTOR = YES;
				GCC_WARN_UNINITIALIZED_AUTOS = YES_AGGRESSIVE;
				GCC_WARN_UNUSED_FUNCTION = YES;
				GCC_WARN_UNUSED_VARIABLE = YES;
				IPHONEOS_DEPLOYMENT_TARGET = 14.4;
				MTL_ENABLE_DEBUG_INFO = INCLUDE_SOURCE;
				MTL_FAST_MATH = YES;
				ONLY_ACTIVE_ARCH = YES;
				SDKROOT = iphoneos;
				SWIFT_ACTIVE_COMPILATION_CONDITIONS = DEBUG;
				SWIFT_OPTIMIZATION_LEVEL = "-Onone";
			};
			name = Debug;
		};
		4CEE3866261BBC000089AACA /* Release */ = {
			isa = XCBuildConfiguration;
			buildSettings = {
				ALWAYS_SEARCH_USER_PATHS = NO;
				CLANG_ANALYZER_NONNULL = YES;
				CLANG_ANALYZER_NUMBER_OBJECT_CONVERSION = YES_AGGRESSIVE;
				CLANG_CXX_LANGUAGE_STANDARD = "gnu++14";
				CLANG_CXX_LIBRARY = "libc++";
				CLANG_ENABLE_MODULES = YES;
				CLANG_ENABLE_OBJC_ARC = YES;
				CLANG_ENABLE_OBJC_WEAK = YES;
				CLANG_WARN_BLOCK_CAPTURE_AUTORELEASING = YES;
				CLANG_WARN_BOOL_CONVERSION = YES;
				CLANG_WARN_COMMA = YES;
				CLANG_WARN_CONSTANT_CONVERSION = YES;
				CLANG_WARN_DEPRECATED_OBJC_IMPLEMENTATIONS = YES;
				CLANG_WARN_DIRECT_OBJC_ISA_USAGE = YES_ERROR;
				CLANG_WARN_DOCUMENTATION_COMMENTS = YES;
				CLANG_WARN_EMPTY_BODY = YES;
				CLANG_WARN_ENUM_CONVERSION = YES;
				CLANG_WARN_INFINITE_RECURSION = YES;
				CLANG_WARN_INT_CONVERSION = YES;
				CLANG_WARN_NON_LITERAL_NULL_CONVERSION = YES;
				CLANG_WARN_OBJC_IMPLICIT_RETAIN_SELF = YES;
				CLANG_WARN_OBJC_LITERAL_CONVERSION = YES;
				CLANG_WARN_OBJC_ROOT_CLASS = YES_ERROR;
				CLANG_WARN_QUOTED_INCLUDE_IN_FRAMEWORK_HEADER = YES;
				CLANG_WARN_RANGE_LOOP_ANALYSIS = YES;
				CLANG_WARN_STRICT_PROTOTYPES = YES;
				CLANG_WARN_SUSPICIOUS_MOVE = YES;
				CLANG_WARN_UNGUARDED_AVAILABILITY = YES_AGGRESSIVE;
				CLANG_WARN_UNREACHABLE_CODE = YES;
				CLANG_WARN__DUPLICATE_METHOD_MATCH = YES;
				COPY_PHASE_STRIP = NO;
				DEBUG_INFORMATION_FORMAT = "dwarf-with-dsym";
				ENABLE_NS_ASSERTIONS = NO;
				ENABLE_STRICT_OBJC_MSGSEND = YES;
				GCC_C_LANGUAGE_STANDARD = gnu11;
				GCC_NO_COMMON_BLOCKS = YES;
				GCC_WARN_64_TO_32_BIT_CONVERSION = YES;
				GCC_WARN_ABOUT_RETURN_TYPE = YES_ERROR;
				GCC_WARN_UNDECLARED_SELECTOR = YES;
				GCC_WARN_UNINITIALIZED_AUTOS = YES_AGGRESSIVE;
				GCC_WARN_UNUSED_FUNCTION = YES;
				GCC_WARN_UNUSED_VARIABLE = YES;
				IPHONEOS_DEPLOYMENT_TARGET = 14.4;
				MTL_ENABLE_DEBUG_INFO = NO;
				MTL_FAST_MATH = YES;
				SDKROOT = iphoneos;
				SWIFT_COMPILATION_MODE = wholemodule;
				SWIFT_OPTIMIZATION_LEVEL = "-O";
				VALIDATE_PRODUCT = YES;
			};
			name = Release;
		};
		4CEE3868261BBC000089AACA /* Debug */ = {
			isa = XCBuildConfiguration;
			buildSettings = {
				ASSETCATALOG_COMPILER_APPICON_NAME = AppIcon;
				ASSETCATALOG_COMPILER_GLOBAL_ACCENT_COLOR_NAME = AccentColor;
				CODE_SIGN_STYLE = Automatic;
				DEVELOPMENT_TEAM = YNSMJAS38V;
				INFOPLIST_FILE = "DCA Calculator/Info.plist";
				LD_RUNPATH_SEARCH_PATHS = (
					"$(inherited)",
					"@executable_path/Frameworks",
				);
				PRODUCT_BUNDLE_IDENTIFIER = "com.williamyeung.DCA-Calculator";
				PRODUCT_NAME = "$(TARGET_NAME)";
				SWIFT_VERSION = 5.0;
				TARGETED_DEVICE_FAMILY = "1,2";
			};
			name = Debug;
		};
		4CEE3869261BBC000089AACA /* Release */ = {
			isa = XCBuildConfiguration;
			buildSettings = {
				ASSETCATALOG_COMPILER_APPICON_NAME = AppIcon;
				ASSETCATALOG_COMPILER_GLOBAL_ACCENT_COLOR_NAME = AccentColor;
				CODE_SIGN_STYLE = Automatic;
				DEVELOPMENT_TEAM = YNSMJAS38V;
				INFOPLIST_FILE = "DCA Calculator/Info.plist";
				LD_RUNPATH_SEARCH_PATHS = (
					"$(inherited)",
					"@executable_path/Frameworks",
				);
				PRODUCT_BUNDLE_IDENTIFIER = "com.williamyeung.DCA-Calculator";
				PRODUCT_NAME = "$(TARGET_NAME)";
				SWIFT_VERSION = 5.0;
				TARGETED_DEVICE_FAMILY = "1,2";
			};
			name = Release;
		};
/* End XCBuildConfiguration section */

/* Begin XCConfigurationList section */
		4CEE384E261BBBFF0089AACA /* Build configuration list for PBXProject "DCA Calculator" */ = {
			isa = XCConfigurationList;
			buildConfigurations = (
				4CEE3865261BBC000089AACA /* Debug */,
				4CEE3866261BBC000089AACA /* Release */,
			);
			defaultConfigurationIsVisible = 0;
			defaultConfigurationName = Release;
		};
		4CEE3867261BBC000089AACA /* Build configuration list for PBXNativeTarget "DCA Calculator" */ = {
			isa = XCConfigurationList;
			buildConfigurations = (
				4CEE3868261BBC000089AACA /* Debug */,
				4CEE3869261BBC000089AACA /* Release */,
			);
			defaultConfigurationIsVisible = 0;
			defaultConfigurationName = Release;
		};
/* End XCConfigurationList section */
	};
	rootObject = 4CEE384B261BBBFF0089AACA /* Project object */;
}
